
Microsoft Visual Studio Solution File, Format Version 12.00
# Visual Studio Version 16
VisualStudioVersion = 16.0.29709.97
MinimumVisualStudioVersion = 10.0.40219.1
Project("{888888A0-9F3D-457C-B088-3A5042F75D52}") = "Obje_Tanima_Proje", "Obje_Tanima_Proje\Obje_Tanima_Proje.pyproj", "{1EAD9A3A-3711-4B7F-8646-0D7915685193}"
EndProject
Global
	GlobalSection(SolutionConfigurationPlatforms) = preSolution
		Debug|Any CPU = Debug|Any CPU
		Release|Any CPU = Release|Any CPU
	EndGlobalSection
	GlobalSection(ProjectConfigurationPlatforms) = postSolution
		{1EAD9A3A-3711-4B7F-8646-0D7915685193}.Debug|Any CPU.ActiveCfg = Debug|Any CPU
		{1EAD9A3A-3711-4B7F-8646-0D7915685193}.Release|Any CPU.ActiveCfg = Release|Any CPU
	EndGlobalSection
	GlobalSection(SolutionProperties) = preSolution
		HideSolutionNode = FALSE
	EndGlobalSection
	GlobalSection(ExtensibilityGlobals) = postSolution
		SolutionGuid = {C4FE3DF7-C1E6-46E5-BCE6-FFFD89D4B187}
	EndGlobalSection
EndGlobal
